
Microsoft Visual Studio Solution File, Format Version 12.00
# Visual Studio Version 17
VisualStudioVersion = 17.14.36414.22
MinimumVisualStudioVersion = 10.0.40219.1
Project("{2150E333-8FDC-42A3-9474-1A3956D46DE8}") = "Task0", "Task0", "{02EA681E-C7D8-13C7-8484-4AC65E1B71E8}"
EndProject
Project("{FAE04EC0-301F-11D3-BF4B-00C04F79EFBC}") = "Tyuiu.KhanikyanDK.Sprint1.Task0.V26.Lib", "Tyuiu.KhanikyanDK.Sprint1.Task0.V26.Lib\Tyuiu.KhanikyanDK.Sprint1.Task0.V26.Lib.csproj", "{1790965E-E61F-4E4A-BA3A-8899F1E5E737}"
EndProject
Project("{FAE04EC0-301F-11D3-BF4B-00C04F79EFBC}") = "Tyuiu.KhanikyanDK.Sprint1.Task0.V26", "Tyuiu.KhanikyanDK.Sprint1.Task0.V26\Tyuiu.KhanikyanDK.Sprint1.Task0.V26.csproj", "{E85869B2-1CB2-40B3-A520-066D7E6DDD4B}"
EndProject
Project("{FAE04EC0-301F-11D3-BF4B-00C04F79EFBC}") = "Tyuiu.KhanikyanDK.Sprint1.Task0.V26.Test", "Tyuiu.KhanikyanDK.Sprint1.Task0.V26.Test\Tyuiu.KhanikyanDK.Sprint1.Task0.V26.Test.csproj", "{099813DE-48C8-4D52-8DD3-4214E21D33C4}"
EndProject
Project("{2150E333-8FDC-42A3-9474-1A3956D46DE8}") = "Task1", "Task1", "{3D9E73F0-8772-4786-95B9-0E0D00DE5A6D}"
EndProject
Project("{FAE04EC0-301F-11D3-BF4B-00C04F79EFBC}") = "Tyuiu.KhanikyanDK.Sprint1.Task1.V3", "Tyuiu.KhanikyanDK.Sprint1.Task1.V3\Tyuiu.KhanikyanDK.Sprint1.Task1.V3.csproj", "{9A085551-AD54-4E2F-9B76-830652A85AAE}"
EndProject
Project("{FAE04EC0-301F-11D3-BF4B-00C04F79EFBC}") = "Tyuiu.KhanikyanDK.Sprint1.Task1.V3.Lib", "Tyuiu.KhanikyanDK.Sprint1.Task1.V3.Lib\Tyuiu.KhanikyanDK.Sprint1.Task1.V3.Lib.csproj", "{EAAB9884-DCED-424A-BC65-AE804CCFD0DC}"
EndProject
Project("{FAE04EC0-301F-11D3-BF4B-00C04F79EFBC}") = "Tyuiu.KhanikyanDK.Sprint1.Task1.V3.Test", "Tyuiu.KhanikyanDK.Sprint1.Task1.V3.Test\Tyuiu.KhanikyanDK.Sprint1.Task1.V3.Test.csproj", "{B374B823-B43C-4E25-A7C6-78D86C7B5537}"
EndProject
Project("{2150E333-8FDC-42A3-9474-1A3956D46DE8}") = "Task2", "Task2", "{BA152321-4722-406B-B9D4-38E97FA7E228}"
EndProject
Project("{FAE04EC0-301F-11D3-BF4B-00C04F79EFBC}") = "Tyuiu.KhanikyanDK.Sprint1.Task2.V22", "Tyuiu.KhanikyanDK.Sprint1.Task2.V22\Tyuiu.KhanikyanDK.Sprint1.Task2.V22.csproj", "{4AB7020E-D3E8-41C1-8EAC-8790C544689E}"
EndProject
Project("{FAE04EC0-301F-11D3-BF4B-00C04F79EFBC}") = "Tyuiu.KhanikyanDK.Sprint1.Task2.V22.Lib", "Tyuiu.KhanikyanDK.Sprint1.Task2.V22.Lib\Tyuiu.KhanikyanDK.Sprint1.Task2.V22.Lib.csproj", "{4D88D05C-D15D-4CBB-9855-AAD86BEAF0B1}"
EndProject
Project("{FAE04EC0-301F-11D3-BF4B-00C04F79EFBC}") = "Tyuiu.KhanikyanDK.Sprint1.Task2.V22.Test", "Tyuiu.KhanikyanDK.Sprint1.Task2.V22.Test\Tyuiu.KhanikyanDK.Sprint1.Task2.V22.Test.csproj", "{BCEB9B54-166E-4F47-92EB-762C81A373AD}"
EndProject
Project("{2150E333-8FDC-42A3-9474-1A3956D46DE8}") = "Task3", "Task3", "{4A6F3389-5575-49F1-B3FE-90BB89B47FEC}"
EndProject
Project("{FAE04EC0-301F-11D3-BF4B-00C04F79EFBC}") = "Tyuiu.KhanikyanDK.Sprint1.Task3.V9", "Tyuiu.KhanikyanDK.Sprint1.Task3.V9\Tyuiu.KhanikyanDK.Sprint1.Task3.V9.csproj", "{A54428C7-0DDE-4FE0-9BCC-C2A6EF786535}"
EndProject
Project("{FAE04EC0-301F-11D3-BF4B-00C04F79EFBC}") = "Tyuiu.KhanikyanDK.Sprint1.Task3.V9.Lib", "Tyuiu.KhanikyanDK.Sprint1.Task3.V9.Lib\Tyuiu.KhanikyanDK.Sprint1.Task3.V9.Lib.csproj", "{EAE9F741-F356-40D4-A71E-CDB869E10F4B}"
EndProject
Project("{FAE04EC0-301F-11D3-BF4B-00C04F79EFBC}") = "Tyuiu.KhanikyanDK.Sprint1.Task3.V9.Test", "Tyuiu.KhanikyanDK.Sprint1.Task3.V9.Test\Tyuiu.KhanikyanDK.Sprint1.Task3.V9.Test.csproj", "{9C65879B-78D4-4A74-8114-8C489D5E932A}"
EndProject
Project("{2150E333-8FDC-42A3-9474-1A3956D46DE8}") = "Task4", "Task4", "{EC94CA56-529F-42F3-8823-F1DB75C38929}"
EndProject
Project("{FAE04EC0-301F-11D3-BF4B-00C04F79EFBC}") = "Tyuiu.KhanikyanDK.Sprint1.Task4.V12", "Tyuiu.KhanikyanDK.Sprint1.Task4.V12\Tyuiu.KhanikyanDK.Sprint1.Task4.V12.csproj", "{3E0CFC27-CDBA-4516-BACD-C900F3525C9E}"
EndProject
Project("{FAE04EC0-301F-11D3-BF4B-00C04F79EFBC}") = "Tyuiu.KhanikyanDK.Sprint1.Task4.V12.Lib", "Tyuiu.KhanikyanDK.Sprint1.Task4.V12.Lib\Tyuiu.KhanikyanDK.Sprint1.Task4.V12.Lib.csproj", "{7FF1BCBC-8D78-4DF0-9E07-D740C97A2090}"
EndProject
Project("{FAE04EC0-301F-11D3-BF4B-00C04F79EFBC}") = "Tyuiu.KhanikyanDK.Sprint1.Task4.V12.Test", "Tyuiu.KhanikyanDK.Sprint1.Task4.V12.Test\Tyuiu.KhanikyanDK.Sprint1.Task4.V12.Test.csproj", "{F2F6C7EE-93B4-4740-803A-CBD39662B6C4}"
EndProject
Project("{2150E333-8FDC-42A3-9474-1A3956D46DE8}") = "Task5", "Task5", "{D574778E-737B-41B7-9D5B-2F00F97E6E57}"
EndProject
Project("{FAE04EC0-301F-11D3-BF4B-00C04F79EFBC}") = "Tyuiu.KhanikyanDK.Sprint1.Task5.V5", "Tyuiu.KhanikyanDK.Sprint1.Task5.V5\Tyuiu.KhanikyanDK.Sprint1.Task5.V5.csproj", "{0A0EFB0C-77C9-43EA-9FD0-3CC7FBE54DA8}"
EndProject
Project("{FAE04EC0-301F-11D3-BF4B-00C04F79EFBC}") = "Tyuiu.KhanikyanDK.Sprint1.Task5.V5.Lib", "Tyuiu.KhanikyanDK.Sprint1.Task5.V5.Lib\Tyuiu.KhanikyanDK.Sprint1.Task5.V5.Lib.csproj", "{A05BE622-8EF0-4034-9EE8-7D5717A37114}"
EndProject
Project("{FAE04EC0-301F-11D3-BF4B-00C04F79EFBC}") = "Tyuiu.KhanikyanDK.Sprint1.Task5.V5.Test", "Tyuiu.KhanikyanDK.Sprint1.Task5.V5.Test\Tyuiu.KhanikyanDK.Sprint1.Task5.V5.Test.csproj", "{8DFA45AF-C5BD-4AB1-8318-56E4DC94257A}"
EndProject
Project("{2150E333-8FDC-42A3-9474-1A3956D46DE8}") = "Task6", "Task6", "{9BA975CF-3208-46C1-9717-B17E9F717574}"
EndProject
Project("{FAE04EC0-301F-11D3-BF4B-00C04F79EFBC}") = "Tyuiu.KhanikyanDK.Sprint1.Task6.V16", "Tyuiu.KhanikyanDK.Sprint1.Task6.V16\Tyuiu.KhanikyanDK.Sprint1.Task6.V16.csproj", "{87DBE4FF-9E15-414B-A961-5D41613F392B}"
EndProject
Project("{FAE04EC0-301F-11D3-BF4B-00C04F79EFBC}") = "Tyuiu.KhanikyanDK.Sprint1.Task6.V16.Lib", "Tyuiu.KhanikyanDK.Sprint1.Task6.V16.Lib\Tyuiu.KhanikyanDK.Sprint1.Task6.V16.Lib.csproj", "{17752C07-2866-40A0-9920-9FCEFD0110E4}"
EndProject
Project("{FAE04EC0-301F-11D3-BF4B-00C04F79EFBC}") = "Tyuiu.KhanikyanDK.Sprint1.Task6.V16.Test", "Tyuiu.KhanikyanDK.Sprint1.Task6.V16.Test\Tyuiu.KhanikyanDK.Sprint1.Task6.V16.Test.csproj", "{4243495D-074B-403C-8B70-560A563F012B}"
EndProject
Project("{2150E333-8FDC-42A3-9474-1A3956D46DE8}") = "Task7", "Task7", "{DF35B7EF-3A2A-4787-920A-DD23E52B621D}"
EndProject
Project("{FAE04EC0-301F-11D3-BF4B-00C04F79EFBC}") = "Tyuiu.KhanikyanDK.Sprint1.Task7.V10", "Tyuiu.KhanikyanDK.Sprint1.Task7.V10\Tyuiu.KhanikyanDK.Sprint1.Task7.V10.csproj", "{4352EFF2-A9EB-4524-B900-D65CF33BBE6A}"
EndProject
Project("{FAE04EC0-301F-11D3-BF4B-00C04F79EFBC}") = "Tyuiu.KhanikyanDK.Sprint1.Task7.V10.Lib", "Tyuiu.KhanikyanDK.Sprint1.Task7.V10.Lib\Tyuiu.KhanikyanDK.Sprint1.Task7.V10.Lib.csproj", "{6DEF18F2-E1DE-4228-9A1A-E379124E9FF6}"
EndProject
Project("{FAE04EC0-301F-11D3-BF4B-00C04F79EFBC}") = "Tyuiu.KhanikyanDK.Sprint1.Task7.V10.Test", "Tyuiu.KhanikyanDK.Sprint1.Task7.V10.Test\Tyuiu.KhanikyanDK.Sprint1.Task7.V10.Test.csproj", "{B5662793-52A3-4D7F-AF31-835CD5BA6D84}"
EndProject
Global
	GlobalSection(SolutionConfigurationPlatforms) = preSolution
		Debug|Any CPU = Debug|Any CPU
		Release|Any CPU = Release|Any CPU
	EndGlobalSection
	GlobalSection(ProjectConfigurationPlatforms) = postSolution
		{1790965E-E61F-4E4A-BA3A-8899F1E5E737}.Debug|Any CPU.ActiveCfg = Debug|Any CPU
		{1790965E-E61F-4E4A-BA3A-8899F1E5E737}.Debug|Any CPU.Build.0 = Debug|Any CPU
		{1790965E-E61F-4E4A-BA3A-8899F1E5E737}.Release|Any CPU.ActiveCfg = Release|Any CPU
		{1790965E-E61F-4E4A-BA3A-8899F1E5E737}.Release|Any CPU.Build.0 = Release|Any CPU
		{E85869B2-1CB2-40B3-A520-066D7E6DDD4B}.Debug|Any CPU.ActiveCfg = Debug|Any CPU
		{E85869B2-1CB2-40B3-A520-066D7E6DDD4B}.Debug|Any CPU.Build.0 = Debug|Any CPU
		{E85869B2-1CB2-40B3-A520-066D7E6DDD4B}.Release|Any CPU.ActiveCfg = Release|Any CPU
		{E85869B2-1CB2-40B3-A520-066D7E6DDD4B}.Release|Any CPU.Build.0 = Release|Any CPU
		{099813DE-48C8-4D52-8DD3-4214E21D33C4}.Debug|Any CPU.ActiveCfg = Debug|Any CPU
		{099813DE-48C8-4D52-8DD3-4214E21D33C4}.Debug|Any CPU.Build.0 = Debug|Any CPU
		{099813DE-48C8-4D52-8DD3-4214E21D33C4}.Release|Any CPU.ActiveCfg = Release|Any CPU
		{099813DE-48C8-4D52-8DD3-4214E21D33C4}.Release|Any CPU.Build.0 = Release|Any CPU
		{9A085551-AD54-4E2F-9B76-830652A85AAE}.Debug|Any CPU.ActiveCfg = Debug|Any CPU
		{9A085551-AD54-4E2F-9B76-830652A85AAE}.Debug|Any CPU.Build.0 = Debug|Any CPU
		{9A085551-AD54-4E2F-9B76-830652A85AAE}.Release|Any CPU.ActiveCfg = Release|Any CPU
		{9A085551-AD54-4E2F-9B76-830652A85AAE}.Release|Any CPU.Build.0 = Release|Any CPU
		{EAAB9884-DCED-424A-BC65-AE804CCFD0DC}.Debug|Any CPU.ActiveCfg = Debug|Any CPU
		{EAAB9884-DCED-424A-BC65-AE804CCFD0DC}.Debug|Any CPU.Build.0 = Debug|Any CPU
		{EAAB9884-DCED-424A-BC65-AE804CCFD0DC}.Release|Any CPU.ActiveCfg = Release|Any CPU
		{EAAB9884-DCED-424A-BC65-AE804CCFD0DC}.Release|Any CPU.Build.0 = Release|Any CPU
		{B374B823-B43C-4E25-A7C6-78D86C7B5537}.Debug|Any CPU.ActiveCfg = Debug|Any CPU
		{B374B823-B43C-4E25-A7C6-78D86C7B5537}.Debug|Any CPU.Build.0 = Debug|Any CPU
		{B374B823-B43C-4E25-A7C6-78D86C7B5537}.Release|Any CPU.ActiveCfg = Release|Any CPU
		{B374B823-B43C-4E25-A7C6-78D86C7B5537}.Release|Any CPU.Build.0 = Release|Any CPU
		{4AB7020E-D3E8-41C1-8EAC-8790C544689E}.Debug|Any CPU.ActiveCfg = Debug|Any CPU
		{4AB7020E-D3E8-41C1-8EAC-8790C544689E}.Debug|Any CPU.Build.0 = Debug|Any CPU
		{4AB7020E-D3E8-41C1-8EAC-8790C544689E}.Release|Any CPU.ActiveCfg = Release|Any CPU
		{4AB7020E-D3E8-41C1-8EAC-8790C544689E}.Release|Any CPU.Build.0 = Release|Any CPU
		{4D88D05C-D15D-4CBB-9855-AAD86BEAF0B1}.Debug|Any CPU.ActiveCfg = Debug|Any CPU
		{4D88D05C-D15D-4CBB-9855-AAD86BEAF0B1}.Debug|Any CPU.Build.0 = Debug|Any CPU
		{4D88D05C-D15D-4CBB-9855-AAD86BEAF0B1}.Release|Any CPU.ActiveCfg = Release|Any CPU
		{4D88D05C-D15D-4CBB-9855-AAD86BEAF0B1}.Release|Any CPU.Build.0 = Release|Any CPU
		{BCEB9B54-166E-4F47-92EB-762C81A373AD}.Debug|Any CPU.ActiveCfg = Debug|Any CPU
		{BCEB9B54-166E-4F47-92EB-762C81A373AD}.Debug|Any CPU.Build.0 = Debug|Any CPU
		{BCEB9B54-166E-4F47-92EB-762C81A373AD}.Release|Any CPU.ActiveCfg = Release|Any CPU
		{BCEB9B54-166E-4F47-92EB-762C81A373AD}.Release|Any CPU.Build.0 = Release|Any CPU
		{A54428C7-0DDE-4FE0-9BCC-C2A6EF786535}.Debug|Any CPU.ActiveCfg = Debug|Any CPU
		{A54428C7-0DDE-4FE0-9BCC-C2A6EF786535}.Debug|Any CPU.Build.0 = Debug|Any CPU
		{A54428C7-0DDE-4FE0-9BCC-C2A6EF786535}.Release|Any CPU.ActiveCfg = Release|Any CPU
		{A54428C7-0DDE-4FE0-9BCC-C2A6EF786535}.Release|Any CPU.Build.0 = Release|Any CPU
		{EAE9F741-F356-40D4-A71E-CDB869E10F4B}.Debug|Any CPU.ActiveCfg = Debug|Any CPU
		{EAE9F741-F356-40D4-A71E-CDB869E10F4B}.Debug|Any CPU.Build.0 = Debug|Any CPU
		{EAE9F741-F356-40D4-A71E-CDB869E10F4B}.Release|Any CPU.ActiveCfg = Release|Any CPU
		{EAE9F741-F356-40D4-A71E-CDB869E10F4B}.Release|Any CPU.Build.0 = Release|Any CPU
		{9C65879B-78D4-4A74-8114-8C489D5E932A}.Debug|Any CPU.ActiveCfg = Debug|Any CPU
		{9C65879B-78D4-4A74-8114-8C489D5E932A}.Debug|Any CPU.Build.0 = Debug|Any CPU
		{9C65879B-78D4-4A74-8114-8C489D5E932A}.Release|Any CPU.ActiveCfg = Release|Any CPU
		{9C65879B-78D4-4A74-8114-8C489D5E932A}.Release|Any CPU.Build.0 = Release|Any CPU
		{3E0CFC27-CDBA-4516-BACD-C900F3525C9E}.Debug|Any CPU.ActiveCfg = Debug|Any CPU
		{3E0CFC27-CDBA-4516-BACD-C900F3525C9E}.Debug|Any CPU.Build.0 = Debug|Any CPU
		{3E0CFC27-CDBA-4516-BACD-C900F3525C9E}.Release|Any CPU.ActiveCfg = Release|Any CPU
		{3E0CFC27-CDBA-4516-BACD-C900F3525C9E}.Release|Any CPU.Build.0 = Release|Any CPU
		{7FF1BCBC-8D78-4DF0-9E07-D740C97A2090}.Debug|Any CPU.ActiveCfg = Debug|Any CPU
		{7FF1BCBC-8D78-4DF0-9E07-D740C97A2090}.Debug|Any CPU.Build.0 = Debug|Any CPU
		{7FF1BCBC-8D78-4DF0-9E07-D740C97A2090}.Release|Any CPU.ActiveCfg = Release|Any CPU
		{7FF1BCBC-8D78-4DF0-9E07-D740C97A2090}.Release|Any CPU.Build.0 = Release|Any CPU
		{F2F6C7EE-93B4-4740-803A-CBD39662B6C4}.Debug|Any CPU.ActiveCfg = Debug|Any CPU
		{F2F6C7EE-93B4-4740-803A-CBD39662B6C4}.Debug|Any CPU.Build.0 = Debug|Any CPU
		{F2F6C7EE-93B4-4740-803A-CBD39662B6C4}.Release|Any CPU.ActiveCfg = Release|Any CPU
		{F2F6C7EE-93B4-4740-803A-CBD39662B6C4}.Release|Any CPU.Build.0 = Release|Any CPU
		{0A0EFB0C-77C9-43EA-9FD0-3CC7FBE54DA8}.Debug|Any CPU.ActiveCfg = Debug|Any CPU
		{0A0EFB0C-77C9-43EA-9FD0-3CC7FBE54DA8}.Debug|Any CPU.Build.0 = Debug|Any CPU
		{0A0EFB0C-77C9-43EA-9FD0-3CC7FBE54DA8}.Release|Any CPU.ActiveCfg = Release|Any CPU
		{0A0EFB0C-77C9-43EA-9FD0-3CC7FBE54DA8}.Release|Any CPU.Build.0 = Release|Any CPU
		{A05BE622-8EF0-4034-9EE8-7D5717A37114}.Debug|Any CPU.ActiveCfg = Debug|Any CPU
		{A05BE622-8EF0-4034-9EE8-7D5717A37114}.Debug|Any CPU.Build.0 = Debug|Any CPU
		{A05BE622-8EF0-4034-9EE8-7D5717A37114}.Release|Any CPU.ActiveCfg = Release|Any CPU
		{A05BE622-8EF0-4034-9EE8-7D5717A37114}.Release|Any CPU.Build.0 = Release|Any CPU
		{8DFA45AF-C5BD-4AB1-8318-56E4DC94257A}.Debug|Any CPU.ActiveCfg = Debug|Any CPU
		{8DFA45AF-C5BD-4AB1-8318-56E4DC94257A}.Debug|Any CPU.Build.0 = Debug|Any CPU
		{8DFA45AF-C5BD-4AB1-8318-56E4DC94257A}.Release|Any CPU.ActiveCfg = Release|Any CPU
		{8DFA45AF-C5BD-4AB1-8318-56E4DC94257A}.Release|Any CPU.Build.0 = Release|Any CPU
		{87DBE4FF-9E15-414B-A961-5D41613F392B}.Debug|Any CPU.ActiveCfg = Debug|Any CPU
		{87DBE4FF-9E15-414B-A961-5D41613F392B}.Debug|Any CPU.Build.0 = Debug|Any CPU
		{87DBE4FF-9E15-414B-A961-5D41613F392B}.Release|Any CPU.ActiveCfg = Release|Any CPU
		{87DBE4FF-9E15-414B-A961-5D41613F392B}.Release|Any CPU.Build.0 = Release|Any CPU
		{17752C07-2866-40A0-9920-9FCEFD0110E4}.Debug|Any CPU.ActiveCfg = Debug|Any CPU
		{17752C07-2866-40A0-9920-9FCEFD0110E4}.Debug|Any CPU.Build.0 = Debug|Any CPU
		{17752C07-2866-40A0-9920-9FCEFD0110E4}.Release|Any CPU.ActiveCfg = Release|Any CPU
		{17752C07-2866-40A0-9920-9FCEFD0110E4}.Release|Any CPU.Build.0 = Release|Any CPU
		{4243495D-074B-403C-8B70-560A563F012B}.Debug|Any CPU.ActiveCfg = Debug|Any CPU
		{4243495D-074B-403C-8B70-560A563F012B}.Debug|Any CPU.Build.0 = Debug|Any CPU
		{4243495D-074B-403C-8B70-560A563F012B}.Release|Any CPU.ActiveCfg = Release|Any CPU
		{4243495D-074B-403C-8B70-560A563F012B}.Release|Any CPU.Build.0 = Release|Any CPU
		{4352EFF2-A9EB-4524-B900-D65CF33BBE6A}.Debug|Any CPU.ActiveCfg = Debug|Any CPU
		{4352EFF2-A9EB-4524-B900-D65CF33BBE6A}.Debug|Any CPU.Build.0 = Debug|Any CPU
		{4352EFF2-A9EB-4524-B900-D65CF33BBE6A}.Release|Any CPU.ActiveCfg = Release|Any CPU
		{4352EFF2-A9EB-4524-B900-D65CF33BBE6A}.Release|Any CPU.Build.0 = Release|Any CPU
		{6DEF18F2-E1DE-4228-9A1A-E379124E9FF6}.Debug|Any CPU.ActiveCfg = Debug|Any CPU
		{6DEF18F2-E1DE-4228-9A1A-E379124E9FF6}.Debug|Any CPU.Build.0 = Debug|Any CPU
		{6DEF18F2-E1DE-4228-9A1A-E379124E9FF6}.Release|Any CPU.ActiveCfg = Release|Any CPU
		{6DEF18F2-E1DE-4228-9A1A-E379124E9FF6}.Release|Any CPU.Build.0 = Release|Any CPU
		{B5662793-52A3-4D7F-AF31-835CD5BA6D84}.Debug|Any CPU.ActiveCfg = Debug|Any CPU
		{B5662793-52A3-4D7F-AF31-835CD5BA6D84}.Debug|Any CPU.Build.0 = Debug|Any CPU
		{B5662793-52A3-4D7F-AF31-835CD5BA6D84}.Release|Any CPU.ActiveCfg = Release|Any CPU
		{B5662793-52A3-4D7F-AF31-835CD5BA6D84}.Release|Any CPU.Build.0 = Release|Any CPU
	EndGlobalSection
	GlobalSection(SolutionProperties) = preSolution
		HideSolutionNode = FALSE
	EndGlobalSection
	GlobalSection(NestedProjects) = preSolution
		{1790965E-E61F-4E4A-BA3A-8899F1E5E737} = {02EA681E-C7D8-13C7-8484-4AC65E1B71E8}
		{E85869B2-1CB2-40B3-A520-066D7E6DDD4B} = {02EA681E-C7D8-13C7-8484-4AC65E1B71E8}
		{099813DE-48C8-4D52-8DD3-4214E21D33C4} = {02EA681E-C7D8-13C7-8484-4AC65E1B71E8}
		{9A085551-AD54-4E2F-9B76-830652A85AAE} = {3D9E73F0-8772-4786-95B9-0E0D00DE5A6D}
		{EAAB9884-DCED-424A-BC65-AE804CCFD0DC} = {3D9E73F0-8772-4786-95B9-0E0D00DE5A6D}
		{B374B823-B43C-4E25-A7C6-78D86C7B5537} = {3D9E73F0-8772-4786-95B9-0E0D00DE5A6D}
		{4AB7020E-D3E8-41C1-8EAC-8790C544689E} = {BA152321-4722-406B-B9D4-38E97FA7E228}
		{4D88D05C-D15D-4CBB-9855-AAD86BEAF0B1} = {BA152321-4722-406B-B9D4-38E97FA7E228}
		{BCEB9B54-166E-4F47-92EB-762C81A373AD} = {BA152321-4722-406B-B9D4-38E97FA7E228}
		{A54428C7-0DDE-4FE0-9BCC-C2A6EF786535} = {4A6F3389-5575-49F1-B3FE-90BB89B47FEC}
		{EAE9F741-F356-40D4-A71E-CDB869E10F4B} = {4A6F3389-5575-49F1-B3FE-90BB89B47FEC}
		{9C65879B-78D4-4A74-8114-8C489D5E932A} = {4A6F3389-5575-49F1-B3FE-90BB89B47FEC}
		{3E0CFC27-CDBA-4516-BACD-C900F3525C9E} = {EC94CA56-529F-42F3-8823-F1DB75C38929}
		{7FF1BCBC-8D78-4DF0-9E07-D740C97A2090} = {EC94CA56-529F-42F3-8823-F1DB75C38929}
		{F2F6C7EE-93B4-4740-803A-CBD39662B6C4} = {EC94CA56-529F-42F3-8823-F1DB75C38929}
		{0A0EFB0C-77C9-43EA-9FD0-3CC7FBE54DA8} = {D574778E-737B-41B7-9D5B-2F00F97E6E57}
		{A05BE622-8EF0-4034-9EE8-7D5717A37114} = {D574778E-737B-41B7-9D5B-2F00F97E6E57}
		{8DFA45AF-C5BD-4AB1-8318-56E4DC94257A} = {D574778E-737B-41B7-9D5B-2F00F97E6E57}
		{87DBE4FF-9E15-414B-A961-5D41613F392B} = {9BA975CF-3208-46C1-9717-B17E9F717574}
		{17752C07-2866-40A0-9920-9FCEFD0110E4} = {9BA975CF-3208-46C1-9717-B17E9F717574}
		{4243495D-074B-403C-8B70-560A563F012B} = {9BA975CF-3208-46C1-9717-B17E9F717574}
		{4352EFF2-A9EB-4524-B900-D65CF33BBE6A} = {DF35B7EF-3A2A-4787-920A-DD23E52B621D}
		{6DEF18F2-E1DE-4228-9A1A-E379124E9FF6} = {DF35B7EF-3A2A-4787-920A-DD23E52B621D}
		{B5662793-52A3-4D7F-AF31-835CD5BA6D84} = {DF35B7EF-3A2A-4787-920A-DD23E52B621D}
	EndGlobalSection
	GlobalSection(ExtensibilityGlobals) = postSolution
		SolutionGuid = {144250D6-A1C7-4674-8E16-375CE51A7A41}
	EndGlobalSection
EndGlobal
