
Microsoft Visual Studio Solution File, Format Version 12.00
# Visual Studio Version 17
VisualStudioVersion = 17.14.36414.22 d17.14
MinimumVisualStudioVersion = 10.0.40219.1
Project("{2150E333-8FDC-42A3-9474-1A3956D46DE8}") = "Task0", "Task0", "{02EA681E-C7D8-13C7-8484-4AC65E1B71E8}"
EndProject
Project("{FAE04EC0-301F-11D3-BF4B-00C04F79EFBC}") = "Tyuiu.KhanikyanDK.Sprint1.Task0.V26.Lib", "Tyuiu.KhanikyanDK.Sprint1.Task0.V26.Lib\Tyuiu.KhanikyanDK.Sprint1.Task0.V26.Lib.csproj", "{1790965E-E61F-4E4A-BA3A-8899F1E5E737}"
EndProject
Project("{FAE04EC0-301F-11D3-BF4B-00C04F79EFBC}") = "Tyuiu.KhanikyanDK.Sprint1.Task0.V26", "Tyuiu.KhanikyanDK.Sprint1.Task0.V26\Tyuiu.KhanikyanDK.Sprint1.Task0.V26.csproj", "{E85869B2-1CB2-40B3-A520-066D7E6DDD4B}"
EndProject
Project("{FAE04EC0-301F-11D3-BF4B-00C04F79EFBC}") = "Tyuiu.KhanikyanDK.Sprint1.Task0.V26.Test", "Tyuiu.KhanikyanDK.Sprint1.Task0.V26.Test\Tyuiu.KhanikyanDK.Sprint1.Task0.V26.Test.csproj", "{099813DE-48C8-4D52-8DD3-4214E21D33C4}"
EndProject
Project("{2150E333-8FDC-42A3-9474-1A3956D46DE8}") = "Task1", "Task1", "{69967C86-2751-429C-8F6F-930374742216}"
EndProject
Project("{FAE04EC0-301F-11D3-BF4B-00C04F79EFBC}") = "Tyuiu.KhanikyanDK.Sprint1.Task1.V3", "Tyuiu.KhanikyanDK.Sprint1.Task1.V3\Tyuiu.KhanikyanDK.Sprint1.Task1.V3.csproj", "{91A44D2F-6356-4E7E-9190-4F4513144586}"
EndProject
Project("{FAE04EC0-301F-11D3-BF4B-00C04F79EFBC}") = "Tyuiu.KhanikyanDK.Sprint1.Task1.V3.Test", "Tyuiu.KhanikyanDK.Sprint1.Task1.V3.Test\Tyuiu.KhanikyanDK.Sprint1.Task1.V3.Test.csproj", "{E3DC3BF8-C3F2-4A53-A9AD-81589D08A8AE}"
EndProject
Project("{FAE04EC0-301F-11D3-BF4B-00C04F79EFBC}") = "Tyuiu.KhanikyanDK.Sprint1.Task1.V3.Lib", "Tyuiu.KhanikyanDK.Sprint1.Task1.V3.Lib\Tyuiu.KhanikyanDK.Sprint1.Task1.V3.Lib.csproj", "{B3F46F4E-151E-44B9-8921-91514596D389}"
EndProject
Global
	GlobalSection(SolutionConfigurationPlatforms) = preSolution
		Debug|Any CPU = Debug|Any CPU
		Release|Any CPU = Release|Any CPU
	EndGlobalSection
	GlobalSection(ProjectConfigurationPlatforms) = postSolution
		{1790965E-E61F-4E4A-BA3A-8899F1E5E737}.Debug|Any CPU.ActiveCfg = Debug|Any CPU
		{1790965E-E61F-4E4A-BA3A-8899F1E5E737}.Debug|Any CPU.Build.0 = Debug|Any CPU
		{1790965E-E61F-4E4A-BA3A-8899F1E5E737}.Release|Any CPU.ActiveCfg = Release|Any CPU
		{1790965E-E61F-4E4A-BA3A-8899F1E5E737}.Release|Any CPU.Build.0 = Release|Any CPU
		{E85869B2-1CB2-40B3-A520-066D7E6DDD4B}.Debug|Any CPU.ActiveCfg = Debug|Any CPU
		{E85869B2-1CB2-40B3-A520-066D7E6DDD4B}.Debug|Any CPU.Build.0 = Debug|Any CPU
		{E85869B2-1CB2-40B3-A520-066D7E6DDD4B}.Release|Any CPU.ActiveCfg = Release|Any CPU
		{E85869B2-1CB2-40B3-A520-066D7E6DDD4B}.Release|Any CPU.Build.0 = Release|Any CPU
		{099813DE-48C8-4D52-8DD3-4214E21D33C4}.Debug|Any CPU.ActiveCfg = Debug|Any CPU
		{099813DE-48C8-4D52-8DD3-4214E21D33C4}.Debug|Any CPU.Build.0 = Debug|Any CPU
		{099813DE-48C8-4D52-8DD3-4214E21D33C4}.Release|Any CPU.ActiveCfg = Release|Any CPU
		{099813DE-48C8-4D52-8DD3-4214E21D33C4}.Release|Any CPU.Build.0 = Release|Any CPU
		{91A44D2F-6356-4E7E-9190-4F4513144586}.Debug|Any CPU.ActiveCfg = Debug|Any CPU
		{91A44D2F-6356-4E7E-9190-4F4513144586}.Debug|Any CPU.Build.0 = Debug|Any CPU
		{91A44D2F-6356-4E7E-9190-4F4513144586}.Release|Any CPU.ActiveCfg = Release|Any CPU
		{91A44D2F-6356-4E7E-9190-4F4513144586}.Release|Any CPU.Build.0 = Release|Any CPU
		{E3DC3BF8-C3F2-4A53-A9AD-81589D08A8AE}.Debug|Any CPU.ActiveCfg = Debug|Any CPU
		{E3DC3BF8-C3F2-4A53-A9AD-81589D08A8AE}.Debug|Any CPU.Build.0 = Debug|Any CPU
		{E3DC3BF8-C3F2-4A53-A9AD-81589D08A8AE}.Release|Any CPU.ActiveCfg = Release|Any CPU
		{E3DC3BF8-C3F2-4A53-A9AD-81589D08A8AE}.Release|Any CPU.Build.0 = Release|Any CPU
		{B3F46F4E-151E-44B9-8921-91514596D389}.Debug|Any CPU.ActiveCfg = Debug|Any CPU
		{B3F46F4E-151E-44B9-8921-91514596D389}.Debug|Any CPU.Build.0 = Debug|Any CPU
		{B3F46F4E-151E-44B9-8921-91514596D389}.Release|Any CPU.ActiveCfg = Release|Any CPU
		{B3F46F4E-151E-44B9-8921-91514596D389}.Release|Any CPU.Build.0 = Release|Any CPU
	EndGlobalSection
	GlobalSection(SolutionProperties) = preSolution
		HideSolutionNode = FALSE
	EndGlobalSection
	GlobalSection(NestedProjects) = preSolution
		{1790965E-E61F-4E4A-BA3A-8899F1E5E737} = {02EA681E-C7D8-13C7-8484-4AC65E1B71E8}
		{E85869B2-1CB2-40B3-A520-066D7E6DDD4B} = {02EA681E-C7D8-13C7-8484-4AC65E1B71E8}
		{099813DE-48C8-4D52-8DD3-4214E21D33C4} = {02EA681E-C7D8-13C7-8484-4AC65E1B71E8}
		{91A44D2F-6356-4E7E-9190-4F4513144586} = {69967C86-2751-429C-8F6F-930374742216}
		{E3DC3BF8-C3F2-4A53-A9AD-81589D08A8AE} = {69967C86-2751-429C-8F6F-930374742216}
		{B3F46F4E-151E-44B9-8921-91514596D389} = {69967C86-2751-429C-8F6F-930374742216}
	EndGlobalSection
	GlobalSection(ExtensibilityGlobals) = postSolution
		SolutionGuid = {144250D6-A1C7-4674-8E16-375CE51A7A41}
	EndGlobalSection
EndGlobal
