
Microsoft Visual Studio Solution File, Format Version 12.00
# Visual Studio Version 17
VisualStudioVersion = 17.14.36414.22
MinimumVisualStudioVersion = 10.0.40219.1
Project("{2150E333-8FDC-42A3-9474-1A3956D46DE8}") = "Task0", "Task0", "{02EA681E-C7D8-13C7-8484-4AC65E1B71E8}"
EndProject
Project("{FAE04EC0-301F-11D3-BF4B-00C04F79EFBC}") = "Tyuiu.KhanikyanDK.Sprint1.Task0.V26.Lib", "Tyuiu.KhanikyanDK.Sprint1.Task0.V26.Lib\Tyuiu.KhanikyanDK.Sprint1.Task0.V26.Lib.csproj", "{1790965E-E61F-4E4A-BA3A-8899F1E5E737}"
EndProject
Project("{FAE04EC0-301F-11D3-BF4B-00C04F79EFBC}") = "Tyuiu.KhanikyanDK.Sprint1.Task0.V26", "Tyuiu.KhanikyanDK.Sprint1.Task0.V26\Tyuiu.KhanikyanDK.Sprint1.Task0.V26.csproj", "{E85869B2-1CB2-40B3-A520-066D7E6DDD4B}"
EndProject
Project("{FAE04EC0-301F-11D3-BF4B-00C04F79EFBC}") = "Tyuiu.KhanikyanDK.Sprint1.Task0.V26.Test", "Tyuiu.KhanikyanDK.Sprint1.Task0.V26.Test\Tyuiu.KhanikyanDK.Sprint1.Task0.V26.Test.csproj", "{099813DE-48C8-4D52-8DD3-4214E21D33C4}"
EndProject
Project("{2150E333-8FDC-42A3-9474-1A3956D46DE8}") = "Task1", "Task1", "{3D9E73F0-8772-4786-95B9-0E0D00DE5A6D}"
EndProject
Project("{FAE04EC0-301F-11D3-BF4B-00C04F79EFBC}") = "Tyuiu.KhanikyanDK.Sprint1.Task1.V3", "Tyuiu.KhanikyanDK.Sprint1.Task1.V3\Tyuiu.KhanikyanDK.Sprint1.Task1.V3.csproj", "{9A085551-AD54-4E2F-9B76-830652A85AAE}"
EndProject
Project("{FAE04EC0-301F-11D3-BF4B-00C04F79EFBC}") = "Tyuiu.KhanikyanDK.Sprint1.Task1.V3.Lib", "Tyuiu.KhanikyanDK.Sprint1.Task1.V3.Lib\Tyuiu.KhanikyanDK.Sprint1.Task1.V3.Lib.csproj", "{EAAB9884-DCED-424A-BC65-AE804CCFD0DC}"
EndProject
Project("{FAE04EC0-301F-11D3-BF4B-00C04F79EFBC}") = "Tyuiu.KhanikyanDK.Sprint1.Task1.V3.Test", "Tyuiu.KhanikyanDK.Sprint1.Task1.V3.Test\Tyuiu.KhanikyanDK.Sprint1.Task1.V3.Test.csproj", "{B374B823-B43C-4E25-A7C6-78D86C7B5537}"
EndProject
Project("{2150E333-8FDC-42A3-9474-1A3956D46DE8}") = "Task2", "Task2", "{BA152321-4722-406B-B9D4-38E97FA7E228}"
EndProject
Project("{FAE04EC0-301F-11D3-BF4B-00C04F79EFBC}") = "Tyuiu.KhanikyanDK.Sprint1.Task2.V22", "Tyuiu.KhanikyanDK.Sprint1.Task2.V22\Tyuiu.KhanikyanDK.Sprint1.Task2.V22.csproj", "{4AB7020E-D3E8-41C1-8EAC-8790C544689E}"
EndProject
Project("{FAE04EC0-301F-11D3-BF4B-00C04F79EFBC}") = "Tyuiu.KhanikyanDK.Sprint1.Task2.V22.Lib", "Tyuiu.KhanikyanDK.Sprint1.Task2.V22.Lib\Tyuiu.KhanikyanDK.Sprint1.Task2.V22.Lib.csproj", "{4D88D05C-D15D-4CBB-9855-AAD86BEAF0B1}"
EndProject
Project("{FAE04EC0-301F-11D3-BF4B-00C04F79EFBC}") = "Tyuiu.KhanikyanDK.Sprint1.Task2.V22.Test", "Tyuiu.KhanikyanDK.Sprint1.Task2.V22.Test\Tyuiu.KhanikyanDK.Sprint1.Task2.V22.Test.csproj", "{BCEB9B54-166E-4F47-92EB-762C81A373AD}"
EndProject
Global
	GlobalSection(SolutionConfigurationPlatforms) = preSolution
		Debug|Any CPU = Debug|Any CPU
		Release|Any CPU = Release|Any CPU
	EndGlobalSection
	GlobalSection(ProjectConfigurationPlatforms) = postSolution
		{1790965E-E61F-4E4A-BA3A-8899F1E5E737}.Debug|Any CPU.ActiveCfg = Debug|Any CPU
		{1790965E-E61F-4E4A-BA3A-8899F1E5E737}.Debug|Any CPU.Build.0 = Debug|Any CPU
		{1790965E-E61F-4E4A-BA3A-8899F1E5E737}.Release|Any CPU.ActiveCfg = Release|Any CPU
		{1790965E-E61F-4E4A-BA3A-8899F1E5E737}.Release|Any CPU.Build.0 = Release|Any CPU
		{E85869B2-1CB2-40B3-A520-066D7E6DDD4B}.Debug|Any CPU.ActiveCfg = Debug|Any CPU
		{E85869B2-1CB2-40B3-A520-066D7E6DDD4B}.Debug|Any CPU.Build.0 = Debug|Any CPU
		{E85869B2-1CB2-40B3-A520-066D7E6DDD4B}.Release|Any CPU.ActiveCfg = Release|Any CPU
		{E85869B2-1CB2-40B3-A520-066D7E6DDD4B}.Release|Any CPU.Build.0 = Release|Any CPU
		{099813DE-48C8-4D52-8DD3-4214E21D33C4}.Debug|Any CPU.ActiveCfg = Debug|Any CPU
		{099813DE-48C8-4D52-8DD3-4214E21D33C4}.Debug|Any CPU.Build.0 = Debug|Any CPU
		{099813DE-48C8-4D52-8DD3-4214E21D33C4}.Release|Any CPU.ActiveCfg = Release|Any CPU
		{099813DE-48C8-4D52-8DD3-4214E21D33C4}.Release|Any CPU.Build.0 = Release|Any CPU
		{9A085551-AD54-4E2F-9B76-830652A85AAE}.Debug|Any CPU.ActiveCfg = Debug|Any CPU
		{9A085551-AD54-4E2F-9B76-830652A85AAE}.Debug|Any CPU.Build.0 = Debug|Any CPU
		{9A085551-AD54-4E2F-9B76-830652A85AAE}.Release|Any CPU.ActiveCfg = Release|Any CPU
		{9A085551-AD54-4E2F-9B76-830652A85AAE}.Release|Any CPU.Build.0 = Release|Any CPU
		{EAAB9884-DCED-424A-BC65-AE804CCFD0DC}.Debug|Any CPU.ActiveCfg = Debug|Any CPU
		{EAAB9884-DCED-424A-BC65-AE804CCFD0DC}.Debug|Any CPU.Build.0 = Debug|Any CPU
		{EAAB9884-DCED-424A-BC65-AE804CCFD0DC}.Release|Any CPU.ActiveCfg = Release|Any CPU
		{EAAB9884-DCED-424A-BC65-AE804CCFD0DC}.Release|Any CPU.Build.0 = Release|Any CPU
		{B374B823-B43C-4E25-A7C6-78D86C7B5537}.Debug|Any CPU.ActiveCfg = Debug|Any CPU
		{B374B823-B43C-4E25-A7C6-78D86C7B5537}.Debug|Any CPU.Build.0 = Debug|Any CPU
		{B374B823-B43C-4E25-A7C6-78D86C7B5537}.Release|Any CPU.ActiveCfg = Release|Any CPU
		{B374B823-B43C-4E25-A7C6-78D86C7B5537}.Release|Any CPU.Build.0 = Release|Any CPU
		{4AB7020E-D3E8-41C1-8EAC-8790C544689E}.Debug|Any CPU.ActiveCfg = Debug|Any CPU
		{4AB7020E-D3E8-41C1-8EAC-8790C544689E}.Debug|Any CPU.Build.0 = Debug|Any CPU
		{4AB7020E-D3E8-41C1-8EAC-8790C544689E}.Release|Any CPU.ActiveCfg = Release|Any CPU
		{4AB7020E-D3E8-41C1-8EAC-8790C544689E}.Release|Any CPU.Build.0 = Release|Any CPU
		{4D88D05C-D15D-4CBB-9855-AAD86BEAF0B1}.Debug|Any CPU.ActiveCfg = Debug|Any CPU
		{4D88D05C-D15D-4CBB-9855-AAD86BEAF0B1}.Debug|Any CPU.Build.0 = Debug|Any CPU
		{4D88D05C-D15D-4CBB-9855-AAD86BEAF0B1}.Release|Any CPU.ActiveCfg = Release|Any CPU
		{4D88D05C-D15D-4CBB-9855-AAD86BEAF0B1}.Release|Any CPU.Build.0 = Release|Any CPU
		{BCEB9B54-166E-4F47-92EB-762C81A373AD}.Debug|Any CPU.ActiveCfg = Debug|Any CPU
		{BCEB9B54-166E-4F47-92EB-762C81A373AD}.Debug|Any CPU.Build.0 = Debug|Any CPU
		{BCEB9B54-166E-4F47-92EB-762C81A373AD}.Release|Any CPU.ActiveCfg = Release|Any CPU
		{BCEB9B54-166E-4F47-92EB-762C81A373AD}.Release|Any CPU.Build.0 = Release|Any CPU
	EndGlobalSection
	GlobalSection(SolutionProperties) = preSolution
		HideSolutionNode = FALSE
	EndGlobalSection
	GlobalSection(NestedProjects) = preSolution
		{1790965E-E61F-4E4A-BA3A-8899F1E5E737} = {02EA681E-C7D8-13C7-8484-4AC65E1B71E8}
		{E85869B2-1CB2-40B3-A520-066D7E6DDD4B} = {02EA681E-C7D8-13C7-8484-4AC65E1B71E8}
		{099813DE-48C8-4D52-8DD3-4214E21D33C4} = {02EA681E-C7D8-13C7-8484-4AC65E1B71E8}
		{9A085551-AD54-4E2F-9B76-830652A85AAE} = {3D9E73F0-8772-4786-95B9-0E0D00DE5A6D}
		{EAAB9884-DCED-424A-BC65-AE804CCFD0DC} = {3D9E73F0-8772-4786-95B9-0E0D00DE5A6D}
		{B374B823-B43C-4E25-A7C6-78D86C7B5537} = {3D9E73F0-8772-4786-95B9-0E0D00DE5A6D}
		{4AB7020E-D3E8-41C1-8EAC-8790C544689E} = {BA152321-4722-406B-B9D4-38E97FA7E228}
		{4D88D05C-D15D-4CBB-9855-AAD86BEAF0B1} = {BA152321-4722-406B-B9D4-38E97FA7E228}
		{BCEB9B54-166E-4F47-92EB-762C81A373AD} = {BA152321-4722-406B-B9D4-38E97FA7E228}
	EndGlobalSection
	GlobalSection(ExtensibilityGlobals) = postSolution
		SolutionGuid = {144250D6-A1C7-4674-8E16-375CE51A7A41}
	EndGlobalSection
EndGlobal
